// !$*UTF8*$!
{
	archiveVersion = 1;
	classes = {
	};
	objectVersion = 46;
	objects = {

/* Begin PBXBuildFile section */
		030D3DAD1C142E1B00502A03 /* StatusItem.swift in Sources */ = {isa = PBXBuildFile; fileRef = 030D3DAC1C142E1B00502A03 /* StatusItem.swift */; };
		036EBD191C1408C200121D0B /* AppDelegate.swift in Sources */ = {isa = PBXBuildFile; fileRef = 036EBD181C1408C200121D0B /* AppDelegate.swift */; };
		036EBD1B1C1408C200121D0B /* Assets.xcassets in Resources */ = {isa = PBXBuildFile; fileRef = 036EBD1A1C1408C200121D0B /* Assets.xcassets */; };
		036EBD1E1C1408C200121D0B /* MainMenu.xib in Resources */ = {isa = PBXBuildFile; fileRef = 036EBD1C1C1408C200121D0B /* MainMenu.xib */; };
		03D7C6AD1C141F0800D5B23F /* UserActivityMonitor.swift in Sources */ = {isa = PBXBuildFile; fileRef = 03D7C6AC1C141F0800D5B23F /* UserActivityMonitor.swift */; };
/* End PBXBuildFile section */

/* Begin PBXFileReference section */
		030D3DAC1C142E1B00502A03 /* StatusItem.swift */ = {isa = PBXFileReference; fileEncoding = 4; lastKnownFileType = sourcecode.swift; path = StatusItem.swift; sourceTree = "<group>"; };
		036EBD151C1408C200121D0B /* Aware.app */ = {isa = PBXFileReference; explicitFileType = wrapper.application; includeInIndex = 0; path = Aware.app; sourceTree = BUILT_PRODUCTS_DIR; };
		036EBD181C1408C200121D0B /* AppDelegate.swift */ = {isa = PBXFileReference; lastKnownFileType = sourcecode.swift; path = AppDelegate.swift; sourceTree = "<group>"; };
		036EBD1A1C1408C200121D0B /* Assets.xcassets */ = {isa = PBXFileReference; lastKnownFileType = folder.assetcatalog; path = Assets.xcassets; sourceTree = "<group>"; };
		036EBD1D1C1408C200121D0B /* Base */ = {isa = PBXFileReference; lastKnownFileType = file.xib; name = Base; path = Base.lproj/MainMenu.xib; sourceTree = "<group>"; };
		036EBD1F1C1408C200121D0B /* Info.plist */ = {isa = PBXFileReference; lastKnownFileType = text.plist.xml; path = Info.plist; sourceTree = "<group>"; };
		03D7C6AC1C141F0800D5B23F /* UserActivityMonitor.swift */ = {isa = PBXFileReference; fileEncoding = 4; lastKnownFileType = sourcecode.swift; path = UserActivityMonitor.swift; sourceTree = "<group>"; };
/* End PBXFileReference section */

/* Begin PBXFrameworksBuildPhase section */
		036EBD121C1408C200121D0B /* Frameworks */ = {
			isa = PBXFrameworksBuildPhase;
			buildActionMask = 2147483647;
			files = (
			);
			runOnlyForDeploymentPostprocessing = 0;
		};
/* End PBXFrameworksBuildPhase section */

/* Begin PBXGroup section */
		036EBD0C1C1408C200121D0B = {
			isa = PBXGroup;
			children = (
				036EBD171C1408C200121D0B /* Aware */,
				036EBD161C1408C200121D0B /* Products */,
			);
			sourceTree = "<group>";
		};
		036EBD161C1408C200121D0B /* Products */ = {
			isa = PBXGroup;
			children = (
				036EBD151C1408C200121D0B /* Aware.app */,
			);
			name = Products;
			sourceTree = "<group>";
		};
		036EBD171C1408C200121D0B /* Aware */ = {
			isa = PBXGroup;
			children = (
				036EBD181C1408C200121D0B /* AppDelegate.swift */,
				030D3DAC1C142E1B00502A03 /* StatusItem.swift */,
				03D7C6AC1C141F0800D5B23F /* UserActivityMonitor.swift */,
				036EBD1A1C1408C200121D0B /* Assets.xcassets */,
				036EBD1C1C1408C200121D0B /* MainMenu.xib */,
				036EBD1F1C1408C200121D0B /* Info.plist */,
			);
			path = Aware;
			sourceTree = "<group>";
		};
/* End PBXGroup section */

/* Begin PBXNativeTarget section */
		036EBD141C1408C200121D0B /* Aware */ = {
			isa = PBXNativeTarget;
			buildConfigurationList = 036EBD221C1408C200121D0B /* Build configuration list for PBXNativeTarget "Aware" */;
			buildPhases = (
				036EBD111C1408C200121D0B /* Sources */,
				036EBD121C1408C200121D0B /* Frameworks */,
				036EBD131C1408C200121D0B /* Resources */,
			);
			buildRules = (
			);
			dependencies = (
			);
			name = Aware;
			productName = Aware;
			productReference = 036EBD151C1408C200121D0B /* Aware.app */;
			productType = "com.apple.product-type.application";
		};
/* End PBXNativeTarget section */

/* Begin PBXProject section */
		036EBD0D1C1408C200121D0B /* Project object */ = {
			isa = PBXProject;
			attributes = {
				LastSwiftUpdateCheck = 0710;
				LastUpgradeCheck = 0710;
				ORGANIZATIONNAME = "Joshua Peek";
				TargetAttributes = {
					036EBD141C1408C200121D0B = {
						CreatedOnToolsVersion = 7.1.1;
					};
				};
			};
			buildConfigurationList = 036EBD101C1408C200121D0B /* Build configuration list for PBXProject "Aware" */;
			compatibilityVersion = "Xcode 3.2";
			developmentRegion = English;
			hasScannedForEncodings = 0;
			knownRegions = (
				en,
				Base,
			);
			mainGroup = 036EBD0C1C1408C200121D0B;
			productRefGroup = 036EBD161C1408C200121D0B /* Products */;
			projectDirPath = "";
			projectRoot = "";
			targets = (
				036EBD141C1408C200121D0B /* Aware */,
			);
		};
/* End PBXProject section */

/* Begin PBXResourcesBuildPhase section */
		036EBD131C1408C200121D0B /* Resources */ = {
			isa = PBXResourcesBuildPhase;
			buildActionMask = 2147483647;
			files = (
				036EBD1B1C1408C200121D0B /* Assets.xcassets in Resources */,
				036EBD1E1C1408C200121D0B /* MainMenu.xib in Resources */,
			);
			runOnlyForDeploymentPostprocessing = 0;
		};
/* End PBXResourcesBuildPhase section */

/* Begin PBXSourcesBuildPhase section */
		036EBD111C1408C200121D0B /* Sources */ = {
			isa = PBXSourcesBuildPhase;
			buildActionMask = 2147483647;
			files = (
				030D3DAD1C142E1B00502A03 /* StatusItem.swift in Sources */,
				03D7C6AD1C141F0800D5B23F /* UserActivityMonitor.swift in Sources */,
				036EBD191C1408C200121D0B /* AppDelegate.swift in Sources */,
			);
			runOnlyForDeploymentPostprocessing = 0;
		};
/* End PBXSourcesBuildPhase section */

/* Begin PBXVariantGroup section */
		036EBD1C1C1408C200121D0B /* MainMenu.xib */ = {
			isa = PBXVariantGroup;
			children = (
				036EBD1D1C1408C200121D0B /* Base */,
			);
			name = MainMenu.xib;
			sourceTree = "<group>";
		};
/* End PBXVariantGroup section */

/* Begin XCBuildConfiguration section */
		036EBD201C1408C200121D0B /* Debug */ = {
			isa = XCBuildConfiguration;
			buildSettings = {
				ALWAYS_SEARCH_USER_PATHS = NO;
				CLANG_CXX_LANGUAGE_STANDARD = "gnu++0x";
				CLANG_CXX_LIBRARY = "libc++";
				CLANG_ENABLE_MODULES = YES;
				CLANG_ENABLE_OBJC_ARC = YES;
				CLANG_WARN_BOOL_CONVERSION = YES;
				CLANG_WARN_CONSTANT_CONVERSION = YES;
				CLANG_WARN_DIRECT_OBJC_ISA_USAGE = YES_ERROR;
				CLANG_WARN_EMPTY_BODY = YES;
				CLANG_WARN_ENUM_CONVERSION = YES;
				CLANG_WARN_INT_CONVERSION = YES;
				CLANG_WARN_OBJC_ROOT_CLASS = YES_ERROR;
				CLANG_WARN_UNREACHABLE_CODE = YES;
				CLANG_WARN__DUPLICATE_METHOD_MATCH = YES;
				CODE_SIGN_IDENTITY = "-";
				COPY_PHASE_STRIP = NO;
				DEBUG_INFORMATION_FORMAT = dwarf;
				ENABLE_STRICT_OBJC_MSGSEND = YES;
				ENABLE_TESTABILITY = YES;
				GCC_C_LANGUAGE_STANDARD = gnu99;
				GCC_DYNAMIC_NO_PIC = NO;
				GCC_NO_COMMON_BLOCKS = YES;
				GCC_OPTIMIZATION_LEVEL = 0;
				GCC_PREPROCESSOR_DEFINITIONS = (
					"DEBUG=1",
					"$(inherited)",
				);
				GCC_WARN_64_TO_32_BIT_CONVERSION = YES;
				GCC_WARN_ABOUT_RETURN_TYPE = YES_ERROR;
				GCC_WARN_UNDECLARED_SELECTOR = YES;
				GCC_WARN_UNINITIALIZED_AUTOS = YES_AGGRESSIVE;
				GCC_WARN_UNUSED_FUNCTION = YES;
				GCC_WARN_UNUSED_VARIABLE = YES;
				MACOSX_DEPLOYMENT_TARGET = 10.11;
				MTL_ENABLE_DEBUG_INFO = YES;
				ONLY_ACTIVE_ARCH = YES;
				SDKROOT = macosx;
				SWIFT_OPTIMIZATION_LEVEL = "-Onone";
			};
			name = Debug;
		};
		036EBD211C1408C200121D0B /* Release */ = {
			isa = XCBuildConfiguration;
			buildSettings = {
				ALWAYS_SEARCH_USER_PATHS = NO;
				CLANG_CXX_LANGUAGE_STANDARD = "gnu++0x";
				CLANG_CXX_LIBRARY = "libc++";
				CLANG_ENABLE_MODULES = YES;
				CLANG_ENABLE_OBJC_ARC = YES;
				CLANG_WARN_BOOL_CONVERSION = YES;
				CLANG_WARN_CONSTANT_CONVERSION = YES;
				CLANG_WARN_DIRECT_OBJC_ISA_USAGE = YES_ERROR;
				CLANG_WARN_EMPTY_BODY = YES;
				CLANG_WARN_ENUM_CONVERSION = YES;
				CLANG_WARN_INT_CONVERSION = YES;
				CLANG_WARN_OBJC_ROOT_CLASS = YES_ERROR;
				CLANG_WARN_UNREACHABLE_CODE = YES;
				CLANG_WARN__DUPLICATE_METHOD_MATCH = YES;
				CODE_SIGN_IDENTITY = "-";
				COPY_PHASE_STRIP = NO;
				DEBUG_INFORMATION_FORMAT = "dwarf-with-dsym";
				ENABLE_NS_ASSERTIONS = NO;
				ENABLE_STRICT_OBJC_MSGSEND = YES;
				GCC_C_LANGUAGE_STANDARD = gnu99;
				GCC_NO_COMMON_BLOCKS = YES;
				GCC_WARN_64_TO_32_BIT_CONVERSION = YES;
				GCC_WARN_ABOUT_RETURN_TYPE = YES_ERROR;
				GCC_WARN_UNDECLARED_SELECTOR = YES;
				GCC_WARN_UNINITIALIZED_AUTOS = YES_AGGRESSIVE;
				GCC_WARN_UNUSED_FUNCTION = YES;
				GCC_WARN_UNUSED_VARIABLE = YES;
				MACOSX_DEPLOYMENT_TARGET = 10.11;
				MTL_ENABLE_DEBUG_INFO = NO;
				SDKROOT = macosx;
			};
			name = Release;
		};
		036EBD231C1408C200121D0B /* Debug */ = {
			isa = XCBuildConfiguration;
			buildSettings = {
				ASSETCATALOG_COMPILER_APPICON_NAME = AppIcon;
				COMBINE_HIDPI_IMAGES = YES;
				INFOPLIST_FILE = Aware/Info.plist;
				LD_RUNPATH_SEARCH_PATHS = "$(inherited) @executable_path/../Frameworks";
				PRODUCT_BUNDLE_IDENTIFIER = com.github.josh.Aware;
				PRODUCT_NAME = "$(TARGET_NAME)";
			};
			name = Debug;
		};
		036EBD241C1408C200121D0B /* Release */ = {
			isa = XCBuildConfiguration;
			buildSettings = {
				ASSETCATALOG_COMPILER_APPICON_NAME = AppIcon;
				COMBINE_HIDPI_IMAGES = YES;
				INFOPLIST_FILE = Aware/Info.plist;
				LD_RUNPATH_SEARCH_PATHS = "$(inherited) @executable_path/../Frameworks";
				PRODUCT_BUNDLE_IDENTIFIER = com.github.josh.Aware;
				PRODUCT_NAME = "$(TARGET_NAME)";
			};
			name = Release;
		};
/* End XCBuildConfiguration section */

/* Begin XCConfigurationList section */
		036EBD101C1408C200121D0B /* Build configuration list for PBXProject "Aware" */ = {
			isa = XCConfigurationList;
			buildConfigurations = (
				036EBD201C1408C200121D0B /* Debug */,
				036EBD211C1408C200121D0B /* Release */,
			);
			defaultConfigurationIsVisible = 0;
			defaultConfigurationName = Release;
		};
		036EBD221C1408C200121D0B /* Build configuration list for PBXNativeTarget "Aware" */ = {
			isa = XCConfigurationList;
			buildConfigurations = (
				036EBD231C1408C200121D0B /* Debug */,
				036EBD241C1408C200121D0B /* Release */,
			);
			defaultConfigurationIsVisible = 0;
			defaultConfigurationName = Release;
		};
/* End XCConfigurationList section */
	};
	rootObject = 036EBD0D1C1408C200121D0B /* Project object */;
}
