// !$*UTF8*$!
{
	archiveVersion = 1;
	classes = {
	};
	objectVersion = 54;
	objects = {

/* Begin PBXBuildFile section */
		036DA9B52B7AF52E0066B4B2 /* App.swift in Sources */ = {isa = PBXBuildFile; fileRef = 036DA9B42B7AF52E0066B4B2 /* App.swift */; };
		036EBD1B1C1408C200121D0B /* Assets.xcassets in Resources */ = {isa = PBXBuildFile; fileRef = 036EBD1A1C1408C200121D0B /* Assets.xcassets */; };
		037195362B804E4C00B807ED /* ActivityTimer.swift in Sources */ = {isa = PBXBuildFile; fileRef = 037195352B804E4C00B807ED /* ActivityTimer.swift */; };
		0381B4972B8081F2002213F6 /* LoginItem.swift in Sources */ = {isa = PBXBuildFile; fileRef = 0381B4962B8081F2002213F6 /* LoginItem.swift */; };
		0381B4992B808A5A002213F6 /* MenuBar.swift in Sources */ = {isa = PBXBuildFile; fileRef = 0381B4982B808A5A002213F6 /* MenuBar.swift */; };
		0394D1752B845FB400FE7020 /* TimerView.swift in Sources */ = {isa = PBXBuildFile; fileRef = 0394D1742B845FB400FE7020 /* TimerView.swift */; };
		0394D1772B84630E00FE7020 /* TimerTextView.swift in Sources */ = {isa = PBXBuildFile; fileRef = 0394D1762B84630E00FE7020 /* TimerTextView.swift */; };
		03DA21642B84160800367F4C /* SettingsView.swift in Sources */ = {isa = PBXBuildFile; fileRef = 03DA21632B84160800367F4C /* SettingsView.swift */; };
		03DE36AA2B894B0100BED7D9 /* VisionWindow.swift in Sources */ = {isa = PBXBuildFile; fileRef = 03DE36A92B894B0100BED7D9 /* VisionWindow.swift */; };
		03E5A53E2B82F495005210F9 /* ProtectedDataAvailablity.swift in Sources */ = {isa = PBXBuildFile; fileRef = 03E5A53D2B82F495005210F9 /* ProtectedDataAvailablity.swift */; };
		03F9E2311C24CCA8001DBE86 /* CustomTimeIntervalFormatStyle.swift in Sources */ = {isa = PBXBuildFile; fileRef = 03F9E2301C24CCA8001DBE86 /* CustomTimeIntervalFormatStyle.swift */; };
		03F9E2331C24CD2E001DBE86 /* CustomTimeIntervalFormatStyleTests.swift in Sources */ = {isa = PBXBuildFile; fileRef = 03F9E2321C24CD2E001DBE86 /* CustomTimeIntervalFormatStyleTests.swift */; };
/* End PBXBuildFile section */

/* Begin PBXContainerItemProxy section */
		03F9E22B1C24CAD3001DBE86 /* PBXContainerItemProxy */ = {
			isa = PBXContainerItemProxy;
			containerPortal = 036EBD0D1C1408C200121D0B /* Project object */;
			proxyType = 1;
			remoteGlobalIDString = 036EBD141C1408C200121D0B;
			remoteInfo = Aware;
		};
/* End PBXContainerItemProxy section */

/* Begin PBXFileReference section */
		036DA9B42B7AF52E0066B4B2 /* App.swift */ = {isa = PBXFileReference; lastKnownFileType = sourcecode.swift; path = App.swift; sourceTree = "<group>"; };
		036EBD151C1408C200121D0B /* Aware.app */ = {isa = PBXFileReference; explicitFileType = wrapper.application; includeInIndex = 0; path = Aware.app; sourceTree = BUILT_PRODUCTS_DIR; };
		036EBD1A1C1408C200121D0B /* Assets.xcassets */ = {isa = PBXFileReference; lastKnownFileType = folder.assetcatalog; path = Assets.xcassets; sourceTree = "<group>"; };
		037195352B804E4C00B807ED /* ActivityTimer.swift */ = {isa = PBXFileReference; lastKnownFileType = sourcecode.swift; path = ActivityTimer.swift; sourceTree = "<group>"; };
		0381B4962B8081F2002213F6 /* LoginItem.swift */ = {isa = PBXFileReference; lastKnownFileType = sourcecode.swift; path = LoginItem.swift; sourceTree = "<group>"; };
		0381B4982B808A5A002213F6 /* MenuBar.swift */ = {isa = PBXFileReference; lastKnownFileType = sourcecode.swift; path = MenuBar.swift; sourceTree = "<group>"; };
		0381B49A2B808FF4002213F6 /* Info.plist */ = {isa = PBXFileReference; lastKnownFileType = text.plist; path = Info.plist; sourceTree = "<group>"; };
		038D0B381C4DDD5600040C44 /* Aware.entitlements */ = {isa = PBXFileReference; lastKnownFileType = text.xml; path = Aware.entitlements; sourceTree = "<group>"; };
		0394D1742B845FB400FE7020 /* TimerView.swift */ = {isa = PBXFileReference; lastKnownFileType = sourcecode.swift; path = TimerView.swift; sourceTree = "<group>"; };
		0394D1762B84630E00FE7020 /* TimerTextView.swift */ = {isa = PBXFileReference; lastKnownFileType = sourcecode.swift; path = TimerTextView.swift; sourceTree = "<group>"; };
		03DA21632B84160800367F4C /* SettingsView.swift */ = {isa = PBXFileReference; lastKnownFileType = sourcecode.swift; path = SettingsView.swift; sourceTree = "<group>"; };
		03DE36A92B894B0100BED7D9 /* VisionWindow.swift */ = {isa = PBXFileReference; lastKnownFileType = sourcecode.swift; path = VisionWindow.swift; sourceTree = "<group>"; };
		03E5A53D2B82F495005210F9 /* ProtectedDataAvailablity.swift */ = {isa = PBXFileReference; lastKnownFileType = sourcecode.swift; path = ProtectedDataAvailablity.swift; sourceTree = "<group>"; };
		03F9E2261C24CAD3001DBE86 /* AwareTests.xctest */ = {isa = PBXFileReference; explicitFileType = wrapper.cfbundle; includeInIndex = 0; path = AwareTests.xctest; sourceTree = BUILT_PRODUCTS_DIR; };
		03F9E2301C24CCA8001DBE86 /* CustomTimeIntervalFormatStyle.swift */ = {isa = PBXFileReference; fileEncoding = 4; lastKnownFileType = sourcecode.swift; path = CustomTimeIntervalFormatStyle.swift; sourceTree = "<group>"; };
		03F9E2321C24CD2E001DBE86 /* CustomTimeIntervalFormatStyleTests.swift */ = {isa = PBXFileReference; fileEncoding = 4; lastKnownFileType = sourcecode.swift; path = CustomTimeIntervalFormatStyleTests.swift; sourceTree = "<group>"; };
/* End PBXFileReference section */

/* Begin PBXFrameworksBuildPhase section */
		036EBD121C1408C200121D0B /* Frameworks */ = {
			isa = PBXFrameworksBuildPhase;
			buildActionMask = 2147483647;
			files = (
			);
			runOnlyForDeploymentPostprocessing = 0;
		};
		03F9E2231C24CAD3001DBE86 /* Frameworks */ = {
			isa = PBXFrameworksBuildPhase;
			buildActionMask = 2147483647;
			files = (
			);
			runOnlyForDeploymentPostprocessing = 0;
		};
/* End PBXFrameworksBuildPhase section */

/* Begin PBXGroup section */
		036EBD0C1C1408C200121D0B = {
			isa = PBXGroup;
			children = (
				036EBD171C1408C200121D0B /* Aware */,
				03F9E2271C24CAD3001DBE86 /* AwareTests */,
				036EBD161C1408C200121D0B /* Products */,
			);
			sourceTree = "<group>";
		};
		036EBD161C1408C200121D0B /* Products */ = {
			isa = PBXGroup;
			children = (
				036EBD151C1408C200121D0B /* Aware.app */,
				03F9E2261C24CAD3001DBE86 /* AwareTests.xctest */,
			);
			name = Products;
			sourceTree = "<group>";
		};
		036EBD171C1408C200121D0B /* Aware */ = {
			isa = PBXGroup;
			children = (
				036DA9B42B7AF52E0066B4B2 /* App.swift */,
				0381B49C2B8095FB002213F6 /* macOS */,
				0381B49D2B809661002213F6 /* visionOS */,
				03F9E2301C24CCA8001DBE86 /* CustomTimeIntervalFormatStyle.swift */,
				036EBD1A1C1408C200121D0B /* Assets.xcassets */,
				038D0B381C4DDD5600040C44 /* Aware.entitlements */,
				0381B49A2B808FF4002213F6 /* Info.plist */,
			);
			path = Aware;
			sourceTree = "<group>";
		};
		0381B49C2B8095FB002213F6 /* macOS */ = {
			isa = PBXGroup;
			children = (
				037195352B804E4C00B807ED /* ActivityTimer.swift */,
				0381B4962B8081F2002213F6 /* LoginItem.swift */,
				0381B4982B808A5A002213F6 /* MenuBar.swift */,
			);
			path = macOS;
			sourceTree = "<group>";
		};
		0381B49D2B809661002213F6 /* visionOS */ = {
			isa = PBXGroup;
			children = (
				03E5A53D2B82F495005210F9 /* ProtectedDataAvailablity.swift */,
				03DA21632B84160800367F4C /* SettingsView.swift */,
				0394D1762B84630E00FE7020 /* TimerTextView.swift */,
				0394D1742B845FB400FE7020 /* TimerView.swift */,
				03DE36A92B894B0100BED7D9 /* VisionWindow.swift */,
			);
			path = visionOS;
			sourceTree = "<group>";
		};
		03F9E2271C24CAD3001DBE86 /* AwareTests */ = {
			isa = PBXGroup;
			children = (
				03F9E2321C24CD2E001DBE86 /* CustomTimeIntervalFormatStyleTests.swift */,
			);
			path = AwareTests;
			sourceTree = "<group>";
		};
/* End PBXGroup section */

/* Begin PBXNativeTarget section */
		036EBD141C1408C200121D0B /* Aware */ = {
			isa = PBXNativeTarget;
			buildConfigurationList = 036EBD221C1408C200121D0B /* Build configuration list for PBXNativeTarget "Aware" */;
			buildPhases = (
				036EBD111C1408C200121D0B /* Sources */,
				036EBD121C1408C200121D0B /* Frameworks */,
				036EBD131C1408C200121D0B /* Resources */,
			);
			buildRules = (
			);
			dependencies = (
			);
			name = Aware;
			productName = Aware;
			productReference = 036EBD151C1408C200121D0B /* Aware.app */;
			productType = "com.apple.product-type.application";
		};
		03F9E2251C24CAD3001DBE86 /* AwareTests */ = {
			isa = PBXNativeTarget;
			buildConfigurationList = 03F9E22F1C24CAD3001DBE86 /* Build configuration list for PBXNativeTarget "AwareTests" */;
			buildPhases = (
				03F9E2221C24CAD3001DBE86 /* Sources */,
				03F9E2231C24CAD3001DBE86 /* Frameworks */,
				03F9E2241C24CAD3001DBE86 /* Resources */,
			);
			buildRules = (
			);
			dependencies = (
				03F9E22C1C24CAD3001DBE86 /* PBXTargetDependency */,
			);
			name = AwareTests;
			productName = AwareTests;
			productReference = 03F9E2261C24CAD3001DBE86 /* AwareTests.xctest */;
			productType = "com.apple.product-type.bundle.unit-test";
		};
/* End PBXNativeTarget section */

/* Begin PBXProject section */
		036EBD0D1C1408C200121D0B /* Project object */ = {
			isa = PBXProject;
			attributes = {
				BuildIndependentTargetsInParallel = YES;
				LastSwiftUpdateCheck = 0720;
				LastUpgradeCheck = 1520;
				TargetAttributes = {
					036EBD141C1408C200121D0B = {
						CreatedOnToolsVersion = 7.1.1;
						DevelopmentTeam = 5SW9VUVYKC;
						LastSwiftMigration = 1020;
						ProvisioningStyle = Automatic;
						SystemCapabilities = {
							com.apple.Sandbox = {
								enabled = 1;
							};
						};
					};
					03F9E2251C24CAD3001DBE86 = {
						CreatedOnToolsVersion = 7.2;
						DevelopmentTeam = 5SW9VUVYKC;
						LastSwiftMigration = 1020;
						ProvisioningStyle = Automatic;
						TestTargetID = 036EBD141C1408C200121D0B;
					};
				};
			};
			buildConfigurationList = 036EBD101C1408C200121D0B /* Build configuration list for PBXProject "Aware" */;
			compatibilityVersion = "Xcode 3.2";
			developmentRegion = en;
			hasScannedForEncodings = 0;
			knownRegions = (
				en,
				Base,
			);
			mainGroup = 036EBD0C1C1408C200121D0B;
			productRefGroup = 036EBD161C1408C200121D0B /* Products */;
			projectDirPath = "";
			projectRoot = "";
			targets = (
				036EBD141C1408C200121D0B /* Aware */,
				03F9E2251C24CAD3001DBE86 /* AwareTests */,
			);
		};
/* End PBXProject section */

/* Begin PBXResourcesBuildPhase section */
		036EBD131C1408C200121D0B /* Resources */ = {
			isa = PBXResourcesBuildPhase;
			buildActionMask = 2147483647;
			files = (
				036EBD1B1C1408C200121D0B /* Assets.xcassets in Resources */,
			);
			runOnlyForDeploymentPostprocessing = 0;
		};
		03F9E2241C24CAD3001DBE86 /* Resources */ = {
			isa = PBXResourcesBuildPhase;
			buildActionMask = 2147483647;
			files = (
			);
			runOnlyForDeploymentPostprocessing = 0;
		};
/* End PBXResourcesBuildPhase section */

/* Begin PBXSourcesBuildPhase section */
		036EBD111C1408C200121D0B /* Sources */ = {
			isa = PBXSourcesBuildPhase;
			buildActionMask = 2147483647;
			files = (
				0394D1752B845FB400FE7020 /* TimerView.swift in Sources */,
				03E5A53E2B82F495005210F9 /* ProtectedDataAvailablity.swift in Sources */,
				03DA21642B84160800367F4C /* SettingsView.swift in Sources */,
				037195362B804E4C00B807ED /* ActivityTimer.swift in Sources */,
				0381B4992B808A5A002213F6 /* MenuBar.swift in Sources */,
				03DE36AA2B894B0100BED7D9 /* VisionWindow.swift in Sources */,
				0381B4972B8081F2002213F6 /* LoginItem.swift in Sources */,
				0394D1772B84630E00FE7020 /* TimerTextView.swift in Sources */,
				036DA9B52B7AF52E0066B4B2 /* App.swift in Sources */,
				03F9E2311C24CCA8001DBE86 /* CustomTimeIntervalFormatStyle.swift in Sources */,
			);
			runOnlyForDeploymentPostprocessing = 0;
		};
		03F9E2221C24CAD3001DBE86 /* Sources */ = {
			isa = PBXSourcesBuildPhase;
			buildActionMask = 2147483647;
			files = (
				03F9E2331C24CD2E001DBE86 /* CustomTimeIntervalFormatStyleTests.swift in Sources */,
			);
			runOnlyForDeploymentPostprocessing = 0;
		};
/* End PBXSourcesBuildPhase section */

/* Begin PBXTargetDependency section */
		03F9E22C1C24CAD3001DBE86 /* PBXTargetDependency */ = {
			isa = PBXTargetDependency;
			target = 036EBD141C1408C200121D0B /* Aware */;
			targetProxy = 03F9E22B1C24CAD3001DBE86 /* PBXContainerItemProxy */;
		};
/* End PBXTargetDependency section */

/* Begin XCBuildConfiguration section */
		036EBD201C1408C200121D0B /* Debug */ = {
			isa = XCBuildConfiguration;
			buildSettings = {
				ALWAYS_SEARCH_USER_PATHS = NO;
				ASSETCATALOG_COMPILER_GENERATE_SWIFT_ASSET_SYMBOL_EXTENSIONS = YES;
				CLANG_ANALYZER_LOCALIZABILITY_NONLOCALIZED = YES;
				CLANG_CXX_LANGUAGE_STANDARD = "gnu++0x";
				CLANG_CXX_LIBRARY = "libc++";
				CLANG_ENABLE_MODULES = YES;
				CLANG_ENABLE_OBJC_ARC = YES;
				CLANG_WARN_BLOCK_CAPTURE_AUTORELEASING = YES;
				CLANG_WARN_BOOL_CONVERSION = YES;
				CLANG_WARN_COMMA = YES;
				CLANG_WARN_CONSTANT_CONVERSION = YES;
				CLANG_WARN_DEPRECATED_OBJC_IMPLEMENTATIONS = YES;
				CLANG_WARN_DIRECT_OBJC_ISA_USAGE = YES_ERROR;
				CLANG_WARN_EMPTY_BODY = YES;
				CLANG_WARN_ENUM_CONVERSION = YES;
				CLANG_WARN_INFINITE_RECURSION = YES;
				CLANG_WARN_INT_CONVERSION = YES;
				CLANG_WARN_NON_LITERAL_NULL_CONVERSION = YES;
				CLANG_WARN_OBJC_IMPLICIT_RETAIN_SELF = YES;
				CLANG_WARN_OBJC_LITERAL_CONVERSION = YES;
				CLANG_WARN_OBJC_ROOT_CLASS = YES_ERROR;
				CLANG_WARN_QUOTED_INCLUDE_IN_FRAMEWORK_HEADER = YES;
				CLANG_WARN_RANGE_LOOP_ANALYSIS = YES;
				CLANG_WARN_STRICT_PROTOTYPES = YES;
				CLANG_WARN_SUSPICIOUS_MOVE = YES;
				CLANG_WARN_UNREACHABLE_CODE = YES;
				CLANG_WARN__DUPLICATE_METHOD_MATCH = YES;
				CODE_SIGN_IDENTITY = "-";
				COPY_PHASE_STRIP = NO;
				DEAD_CODE_STRIPPING = YES;
				DEBUG_INFORMATION_FORMAT = dwarf;
				ENABLE_HARDENED_RUNTIME = YES;
				ENABLE_STRICT_OBJC_MSGSEND = YES;
				ENABLE_TESTABILITY = YES;
				ENABLE_USER_SCRIPT_SANDBOXING = YES;
				GCC_C_LANGUAGE_STANDARD = gnu99;
				GCC_DYNAMIC_NO_PIC = NO;
				GCC_NO_COMMON_BLOCKS = YES;
				GCC_OPTIMIZATION_LEVEL = 0;
				GCC_PREPROCESSOR_DEFINITIONS = (
					"DEBUG=1",
					"$(inherited)",
				);
				GCC_WARN_64_TO_32_BIT_CONVERSION = YES;
				GCC_WARN_ABOUT_RETURN_TYPE = YES_ERROR;
				GCC_WARN_UNDECLARED_SELECTOR = YES;
				GCC_WARN_UNINITIALIZED_AUTOS = YES_AGGRESSIVE;
				GCC_WARN_UNUSED_FUNCTION = YES;
				GCC_WARN_UNUSED_VARIABLE = YES;
				MACOSX_DEPLOYMENT_TARGET = 13.0;
				MTL_ENABLE_DEBUG_INFO = YES;
				ONLY_ACTIVE_ARCH = YES;
				SDKROOT = macosx;
				SWIFT_OPTIMIZATION_LEVEL = "-Onone";
			};
			name = Debug;
		};
		036EBD211C1408C200121D0B /* Release */ = {
			isa = XCBuildConfiguration;
			buildSettings = {
				ALWAYS_SEARCH_USER_PATHS = NO;
				ASSETCATALOG_COMPILER_GENERATE_SWIFT_ASSET_SYMBOL_EXTENSIONS = YES;
				CLANG_ANALYZER_LOCALIZABILITY_NONLOCALIZED = YES;
				CLANG_CXX_LANGUAGE_STANDARD = "gnu++0x";
				CLANG_CXX_LIBRARY = "libc++";
				CLANG_ENABLE_MODULES = YES;
				CLANG_ENABLE_OBJC_ARC = YES;
				CLANG_WARN_BLOCK_CAPTURE_AUTORELEASING = YES;
				CLANG_WARN_BOOL_CONVERSION = YES;
				CLANG_WARN_COMMA = YES;
				CLANG_WARN_CONSTANT_CONVERSION = YES;
				CLANG_WARN_DEPRECATED_OBJC_IMPLEMENTATIONS = YES;
				CLANG_WARN_DIRECT_OBJC_ISA_USAGE = YES_ERROR;
				CLANG_WARN_EMPTY_BODY = YES;
				CLANG_WARN_ENUM_CONVERSION = YES;
				CLANG_WARN_INFINITE_RECURSION = YES;
				CLANG_WARN_INT_CONVERSION = YES;
				CLANG_WARN_NON_LITERAL_NULL_CONVERSION = YES;
				CLANG_WARN_OBJC_IMPLICIT_RETAIN_SELF = YES;
				CLANG_WARN_OBJC_LITERAL_CONVERSION = YES;
				CLANG_WARN_OBJC_ROOT_CLASS = YES_ERROR;
				CLANG_WARN_QUOTED_INCLUDE_IN_FRAMEWORK_HEADER = YES;
				CLANG_WARN_RANGE_LOOP_ANALYSIS = YES;
				CLANG_WARN_STRICT_PROTOTYPES = YES;
				CLANG_WARN_SUSPICIOUS_MOVE = YES;
				CLANG_WARN_UNREACHABLE_CODE = YES;
				CLANG_WARN__DUPLICATE_METHOD_MATCH = YES;
				CODE_SIGN_IDENTITY = "-";
				COPY_PHASE_STRIP = NO;
				DEAD_CODE_STRIPPING = YES;
				DEBUG_INFORMATION_FORMAT = "dwarf-with-dsym";
				ENABLE_HARDENED_RUNTIME = YES;
				ENABLE_NS_ASSERTIONS = NO;
				ENABLE_STRICT_OBJC_MSGSEND = YES;
				ENABLE_USER_SCRIPT_SANDBOXING = YES;
				GCC_C_LANGUAGE_STANDARD = gnu99;
				GCC_NO_COMMON_BLOCKS = YES;
				GCC_WARN_64_TO_32_BIT_CONVERSION = YES;
				GCC_WARN_ABOUT_RETURN_TYPE = YES_ERROR;
				GCC_WARN_UNDECLARED_SELECTOR = YES;
				GCC_WARN_UNINITIALIZED_AUTOS = YES_AGGRESSIVE;
				GCC_WARN_UNUSED_FUNCTION = YES;
				GCC_WARN_UNUSED_VARIABLE = YES;
				MACOSX_DEPLOYMENT_TARGET = 13.0;
				MTL_ENABLE_DEBUG_INFO = NO;
				SDKROOT = macosx;
			};
			name = Release;
		};
		036EBD231C1408C200121D0B /* Debug */ = {
			isa = XCBuildConfiguration;
			buildSettings = {
				ASSETCATALOG_COMPILER_APPICON_NAME = AppIcon;
				CODE_SIGN_ENTITLEMENTS = Aware/Aware.entitlements;
				CODE_SIGN_IDENTITY = "Apple Development";
				"CODE_SIGN_IDENTITY[sdk=macosx*]" = "Apple Development";
				CODE_SIGN_STYLE = Automatic;
				COMBINE_HIDPI_IMAGES = YES;
				CURRENT_PROJECT_VERSION = 1;
				DEAD_CODE_STRIPPING = YES;
				DEVELOPMENT_TEAM = 5SW9VUVYKC;
				ENABLE_HARDENED_RUNTIME = YES;
				GENERATE_INFOPLIST_FILE = YES;
				INFOPLIST_FILE = Aware/Info.plist;
				INFOPLIST_KEY_LSApplicationCategoryType = "public.app-category.productivity";
				INFOPLIST_KEY_LSUIElement = YES;
				LD_RUNPATH_SEARCH_PATHS = (
					"$(inherited)",
					"@executable_path/../Frameworks",
				);
				MARKETING_VERSION = 1.1.0;
				PRODUCT_BUNDLE_IDENTIFIER = com.awaremac.Aware;
				PRODUCT_NAME = "$(TARGET_NAME)";
				PROVISIONING_PROFILE_SPECIFIER = "";
				SUPPORTED_PLATFORMS = "macosx xros xrsimulator";
				SUPPORTS_MACCATALYST = NO;
				SWIFT_VERSION = 5.0;
				TARGETED_DEVICE_FAMILY = 7;
			};
			name = Debug;
		};
		036EBD241C1408C200121D0B /* Release */ = {
			isa = XCBuildConfiguration;
			buildSettings = {
				ASSETCATALOG_COMPILER_APPICON_NAME = AppIcon;
				CODE_SIGN_ENTITLEMENTS = Aware/Aware.entitlements;
				CODE_SIGN_IDENTITY = "Apple Development";
				"CODE_SIGN_IDENTITY[sdk=macosx*]" = "Apple Development";
				CODE_SIGN_STYLE = Automatic;
				COMBINE_HIDPI_IMAGES = YES;
				CURRENT_PROJECT_VERSION = 1;
				DEAD_CODE_STRIPPING = YES;
				DEVELOPMENT_TEAM = 5SW9VUVYKC;
				ENABLE_HARDENED_RUNTIME = YES;
				GENERATE_INFOPLIST_FILE = YES;
				INFOPLIST_FILE = Aware/Info.plist;
				INFOPLIST_KEY_LSApplicationCategoryType = "public.app-category.productivity";
				INFOPLIST_KEY_LSUIElement = YES;
				LD_RUNPATH_SEARCH_PATHS = (
					"$(inherited)",
					"@executable_path/../Frameworks",
				);
				MARKETING_VERSION = 1.1.0;
				PRODUCT_BUNDLE_IDENTIFIER = com.awaremac.Aware;
				PRODUCT_NAME = "$(TARGET_NAME)";
				PROVISIONING_PROFILE_SPECIFIER = "";
				SUPPORTED_PLATFORMS = "macosx xros xrsimulator";
				SUPPORTS_MACCATALYST = NO;
				SWIFT_COMPILATION_MODE = wholemodule;
				SWIFT_OPTIMIZATION_LEVEL = "-O";
				SWIFT_VERSION = 5.0;
				TARGETED_DEVICE_FAMILY = 7;
			};
			name = Release;
		};
		03F9E22D1C24CAD3001DBE86 /* Debug */ = {
			isa = XCBuildConfiguration;
			buildSettings = {
				BUNDLE_LOADER = "$(TEST_HOST)";
				CODE_SIGN_IDENTITY = "Apple Development";
				CODE_SIGN_STYLE = Automatic;
				COMBINE_HIDPI_IMAGES = YES;
				DEAD_CODE_STRIPPING = YES;
				DEVELOPMENT_TEAM = 5SW9VUVYKC;
				GENERATE_INFOPLIST_FILE = YES;
				LD_RUNPATH_SEARCH_PATHS = (
					"$(inherited)",
					"@executable_path/../Frameworks",
					"@loader_path/../Frameworks",
				);
				PRODUCT_BUNDLE_IDENTIFIER = com.awaremac.AwareTests;
				PRODUCT_NAME = "$(TARGET_NAME)";
				PROVISIONING_PROFILE_SPECIFIER = "";
				SUPPORTED_PLATFORMS = "macosx xros xrsimulator";
				SUPPORTS_MACCATALYST = NO;
				SWIFT_VERSION = 5.0;
				TARGETED_DEVICE_FAMILY = 7;
				TEST_HOST = "$(BUILT_PRODUCTS_DIR)/Aware.app/$(BUNDLE_EXECUTABLE_FOLDER_PATH)/Aware";
			};
			name = Debug;
		};
		03F9E22E1C24CAD3001DBE86 /* Release */ = {
			isa = XCBuildConfiguration;
			buildSettings = {
				BUNDLE_LOADER = "$(TEST_HOST)";
				CODE_SIGN_IDENTITY = "Apple Development";
				CODE_SIGN_STYLE = Automatic;
				COMBINE_HIDPI_IMAGES = YES;
				DEAD_CODE_STRIPPING = YES;
				DEVELOPMENT_TEAM = 5SW9VUVYKC;
				GENERATE_INFOPLIST_FILE = YES;
				LD_RUNPATH_SEARCH_PATHS = (
					"$(inherited)",
					"@executable_path/../Frameworks",
					"@loader_path/../Frameworks",
				);
				PRODUCT_BUNDLE_IDENTIFIER = com.awaremac.AwareTests;
				PRODUCT_NAME = "$(TARGET_NAME)";
				PROVISIONING_PROFILE_SPECIFIER = "";
				SUPPORTED_PLATFORMS = "macosx xros xrsimulator";
				SUPPORTS_MACCATALYST = NO;
				SWIFT_COMPILATION_MODE = wholemodule;
				SWIFT_OPTIMIZATION_LEVEL = "-O";
				SWIFT_VERSION = 5.0;
				TARGETED_DEVICE_FAMILY = 7;
				TEST_HOST = "$(BUILT_PRODUCTS_DIR)/Aware.app/$(BUNDLE_EXECUTABLE_FOLDER_PATH)/Aware";
			};
			name = Release;
		};
/* End XCBuildConfiguration section */

/* Begin XCConfigurationList section */
		036EBD101C1408C200121D0B /* Build configuration list for PBXProject "Aware" */ = {
			isa = XCConfigurationList;
			buildConfigurations = (
				036EBD201C1408C200121D0B /* Debug */,
				036EBD211C1408C200121D0B /* Release */,
			);
			defaultConfigurationIsVisible = 0;
			defaultConfigurationName = Release;
		};
		036EBD221C1408C200121D0B /* Build configuration list for PBXNativeTarget "Aware" */ = {
			isa = XCConfigurationList;
			buildConfigurations = (
				036EBD231C1408C200121D0B /* Debug */,
				036EBD241C1408C200121D0B /* Release */,
			);
			defaultConfigurationIsVisible = 0;
			defaultConfigurationName = Release;
		};
		03F9E22F1C24CAD3001DBE86 /* Build configuration list for PBXNativeTarget "AwareTests" */ = {
			isa = XCConfigurationList;
			buildConfigurations = (
				03F9E22D1C24CAD3001DBE86 /* Debug */,
				03F9E22E1C24CAD3001DBE86 /* Release */,
			);
			defaultConfigurationIsVisible = 0;
			defaultConfigurationName = Release;
		};
/* End XCConfigurationList section */
	};
	rootObject = 036EBD0D1C1408C200121D0B /* Project object */;
}
